
Microsoft Visual Studio Solution File, Format Version 12.00
# Visual Studio 15
VisualStudioVersion = 15.0.26730.16
MinimumVisualStudioVersion = 10.0.40219.1
Project("{FAE04EC0-301F-11D3-BF4B-00C04F79EFBC}") = "Utilities", "Utilities\Utilities.csproj", "{A6DFDFF4-614F-4225-8F75-C81C6765F23E}"
EndProject
Project("{FAE04EC0-301F-11D3-BF4B-00C04F79EFBC}") = "MainWindow", "MainWindow\MainWindow.csproj", "{722B3498-9988-4667-B02C-C9D15D288657}"
EndProject
Project("{FAE04EC0-301F-11D3-BF4B-00C04F79EFBC}") = "BaseServer", "BaseServer\BaseServer.csproj", "{5FCA414A-CF38-44CB-888D-95D151A5C662}"
EndProject
Project("{FAE04EC0-301F-11D3-BF4B-00C04F79EFBC}") = "BaseStation", "BaseStation\BaseStation.csproj", "{717939F0-9BDC-4D66-99B5-AE34D586488E}"
EndProject
Project("{FAE04EC0-301F-11D3-BF4B-00C04F79EFBC}") = "VideoStreamer", "VideoStreamer\VideoStreamer.csproj", "{5179B685-B9D6-4F4D-B383-E8D77CF63B17}"
EndProject
Global
	GlobalSection(SolutionConfigurationPlatforms) = preSolution
		Debug|Any CPU = Debug|Any CPU
		Release|Any CPU = Release|Any CPU
	EndGlobalSection
	GlobalSection(ProjectConfigurationPlatforms) = postSolution
		{A6DFDFF4-614F-4225-8F75-C81C6765F23E}.Debug|Any CPU.ActiveCfg = Debug|Any CPU
		{A6DFDFF4-614F-4225-8F75-C81C6765F23E}.Debug|Any CPU.Build.0 = Debug|Any CPU
		{A6DFDFF4-614F-4225-8F75-C81C6765F23E}.Release|Any CPU.ActiveCfg = Release|Any CPU
		{A6DFDFF4-614F-4225-8F75-C81C6765F23E}.Release|Any CPU.Build.0 = Release|Any CPU
		{722B3498-9988-4667-B02C-C9D15D288657}.Debug|Any CPU.ActiveCfg = Debug|Any CPU
		{722B3498-9988-4667-B02C-C9D15D288657}.Debug|Any CPU.Build.0 = Debug|Any CPU
		{722B3498-9988-4667-B02C-C9D15D288657}.Release|Any CPU.ActiveCfg = Release|Any CPU
		{722B3498-9988-4667-B02C-C9D15D288657}.Release|Any CPU.Build.0 = Release|Any CPU
		{5FCA414A-CF38-44CB-888D-95D151A5C662}.Debug|Any CPU.ActiveCfg = Debug|Any CPU
		{5FCA414A-CF38-44CB-888D-95D151A5C662}.Debug|Any CPU.Build.0 = Debug|Any CPU
		{5FCA414A-CF38-44CB-888D-95D151A5C662}.Release|Any CPU.ActiveCfg = Release|Any CPU
		{5FCA414A-CF38-44CB-888D-95D151A5C662}.Release|Any CPU.Build.0 = Release|Any CPU
		{717939F0-9BDC-4D66-99B5-AE34D586488E}.Debug|Any CPU.ActiveCfg = Debug|Any CPU
		{717939F0-9BDC-4D66-99B5-AE34D586488E}.Debug|Any CPU.Build.0 = Debug|Any CPU
		{717939F0-9BDC-4D66-99B5-AE34D586488E}.Release|Any CPU.ActiveCfg = Release|Any CPU
		{717939F0-9BDC-4D66-99B5-AE34D586488E}.Release|Any CPU.Build.0 = Release|Any CPU
		{5179B685-B9D6-4F4D-B383-E8D77CF63B17}.Debug|Any CPU.ActiveCfg = Debug|Any CPU
		{5179B685-B9D6-4F4D-B383-E8D77CF63B17}.Debug|Any CPU.Build.0 = Debug|Any CPU
		{5179B685-B9D6-4F4D-B383-E8D77CF63B17}.Release|Any CPU.ActiveCfg = Release|Any CPU
		{5179B685-B9D6-4F4D-B383-E8D77CF63B17}.Release|Any CPU.Build.0 = Release|Any CPU
	EndGlobalSection
	GlobalSection(SolutionProperties) = preSolution
		HideSolutionNode = FALSE
	EndGlobalSection
	GlobalSection(ExtensibilityGlobals) = postSolution
		SolutionGuid = {19A4A287-B3B7-4D7A-9869-BF2CC03E5CA4}
	EndGlobalSection
EndGlobal
