
Microsoft Visual Studio Solution File, Format Version 12.00
# Visual Studio 15
VisualStudioVersion = 15.0.26730.16
MinimumVisualStudioVersion = 10.0.40219.1
Project("{FAE04EC0-301F-11D3-BF4B-00C04F79EFBC}") = "LimitTester", "LimitTester\LimitTester.csproj", "{03448BFA-CB25-4AA2-8770-2DC3E786396D}"
EndProject
Global
	GlobalSection(SolutionConfigurationPlatforms) = preSolution
		Debug|Any CPU = Debug|Any CPU
		Release|Any CPU = Release|Any CPU
	EndGlobalSection
	GlobalSection(ProjectConfigurationPlatforms) = postSolution
		{03448BFA-CB25-4AA2-8770-2DC3E786396D}.Debug|Any CPU.ActiveCfg = Debug|Any CPU
		{03448BFA-CB25-4AA2-8770-2DC3E786396D}.Debug|Any CPU.Build.0 = Debug|Any CPU
		{03448BFA-CB25-4AA2-8770-2DC3E786396D}.Release|Any CPU.ActiveCfg = Release|Any CPU
		{03448BFA-CB25-4AA2-8770-2DC3E786396D}.Release|Any CPU.Build.0 = Release|Any CPU
	EndGlobalSection
	GlobalSection(SolutionProperties) = preSolution
		HideSolutionNode = FALSE
	EndGlobalSection
	GlobalSection(ExtensibilityGlobals) = postSolution
		SolutionGuid = {E8160056-AE1A-4829-9B79-F1D6262E11A0}
	EndGlobalSection
EndGlobal
