
Microsoft Visual Studio Solution File, Format Version 15.00
# Visual Studio 2017
Project("{FAE04EC0-301F-11D3-BF4B-00C04F79EFBC}") = "Scarlet", "Scarlet.csproj", "{EB8D6FE6-E3DD-4049-89A2-F636C6D70477}"
EndProject
Global
	GlobalSection(SolutionConfigurationPlatforms) = preSolution
		Debug|Any CPU = Debug|Any CPU
		Release|Any CPU = Release|Any CPU
	EndGlobalSection
	GlobalSection(ProjectConfigurationPlatforms) = postSolution
		{EB8D6FE6-E3DD-4049-89A2-F636C6D70477}.Debug|Any CPU.ActiveCfg = Debug|Any CPU
		{EB8D6FE6-E3DD-4049-89A2-F636C6D70477}.Debug|Any CPU.Build.0 = Debug|Any CPU
		{EB8D6FE6-E3DD-4049-89A2-F636C6D70477}.Release|Any CPU.ActiveCfg = Release|Any CPU
		{EB8D6FE6-E3DD-4049-89A2-F636C6D70477}.Release|Any CPU.Build.0 = Release|Any CPU
	EndGlobalSection
EndGlobal
