
Microsoft Visual Studio Solution File, Format Version 12.00
# Visual Studio 15
VisualStudioVersion = 15.0.26730.16
MinimumVisualStudioVersion = 10.0.40219.1
Project("{FAE04EC0-301F-11D3-BF4B-00C04F79EFBC}") = "VideoStreamer", "VideoStreamer\VideoStreamer.csproj", "{97CC5515-A095-48EB-9EC2-AC134EB4A79C}"
EndProject
Project("{FAE04EC0-301F-11D3-BF4B-00C04F79EFBC}") = "Utilities", "Utilities\Utilities.csproj", "{A6DFDFF4-614F-4225-8F75-C81C6765F23E}"
EndProject
Global
	GlobalSection(SolutionConfigurationPlatforms) = preSolution
		Debug|Any CPU = Debug|Any CPU
		Release|Any CPU = Release|Any CPU
	EndGlobalSection
	GlobalSection(ProjectConfigurationPlatforms) = postSolution
		{97CC5515-A095-48EB-9EC2-AC134EB4A79C}.Debug|Any CPU.ActiveCfg = Debug|Any CPU
		{97CC5515-A095-48EB-9EC2-AC134EB4A79C}.Debug|Any CPU.Build.0 = Debug|Any CPU
		{97CC5515-A095-48EB-9EC2-AC134EB4A79C}.Release|Any CPU.ActiveCfg = Release|Any CPU
		{97CC5515-A095-48EB-9EC2-AC134EB4A79C}.Release|Any CPU.Build.0 = Release|Any CPU
		{A6DFDFF4-614F-4225-8F75-C81C6765F23E}.Debug|Any CPU.ActiveCfg = Debug|Any CPU
		{A6DFDFF4-614F-4225-8F75-C81C6765F23E}.Debug|Any CPU.Build.0 = Debug|Any CPU
		{A6DFDFF4-614F-4225-8F75-C81C6765F23E}.Release|Any CPU.ActiveCfg = Release|Any CPU
		{A6DFDFF4-614F-4225-8F75-C81C6765F23E}.Release|Any CPU.Build.0 = Release|Any CPU
	EndGlobalSection
	GlobalSection(SolutionProperties) = preSolution
		HideSolutionNode = FALSE
	EndGlobalSection
	GlobalSection(ExtensibilityGlobals) = postSolution
		SolutionGuid = {19A4A287-B3B7-4D7A-9869-BF2CC03E5CA4}
	EndGlobalSection
EndGlobal
